<?xml version="1.0" encoding="utf-8"?>
<Project ToolsVersion="4.0" xmlns="http://schemas.microsoft.com/developer/msbuild/2003">
  <ItemGroup>
    <Filter Include="Source Files">
      <UniqueIdentifier>{4FC737F1-C7A5-4376-A066-2A32D752A2FF}</UniqueIdentifier>
      <Extensions>cpp;c;cc;cxx;c++;cppm;ixx;def;odl;idl;hpj;bat;asm;asmx</Extensions>
    </Filter>
    <Filter Include="Header Files">
      <UniqueIdentifier>{93995380-89BD-4b04-88EB-625FBE52EBFB}</UniqueIdentifier>
      <Extensions>h;hh;hpp;hxx;h++;hm;inl;inc;ipp;xsd</Extensions>
    </Filter>
    <Filter Include="Resource Files">
      <UniqueIdentifier>{67DA6AB6-F800-4c08-8B7A-83BB121AAD01}</UniqueIdentifier>
      <Extensions>rc;ico;cur;bmp;dlg;rc2;rct;bin;rgs;gif;jpg;jpeg;jpe;resx;tiff;tif;png;wav;mfcribbon-ms</Extensions>
    </Filter>
    <Filter Include="Bindables">
      <UniqueIdentifier>{4ac5683f-eaf0-4fe4-96e4-c0cd3b7929e6}</UniqueIdentifier>
    </Filter>
    <Filter Include="Shaders">
      <UniqueIdentifier>{0d2678bb-c41c-4225-8972-0057b07f2070}</UniqueIdentifier>
    </Filter>
    <Filter Include="Utils">
      <UniqueIdentifier>{a217c4d7-7bd9-415c-947b-dba9fb5cc6ea}</UniqueIdentifier>
    </Filter>
    <Filter Include="Unused">
      <UniqueIdentifier>{e0b220fa-75bd-449e-81b0-fd8628051e0e}</UniqueIdentifier>
    </Filter>
    <Filter Include="stb_image">
      <UniqueIdentifier>{f49afdec-d9f1-4f27-9606-e53decd568c4}</UniqueIdentifier>
    </Filter>
    <Filter Include="Scenes">
      <UniqueIdentifier>{79e6e630-d166-42da-b6c2-c264d1ee69ed}</UniqueIdentifier>
    </Filter>
  </ItemGroup>
  <ItemGroup>
    <ClCompile Include="App.cpp">
      <Filter>Source Files</Filter>
    </ClCompile>
    <ClCompile Include="Window.cpp">
      <Filter>Source Files</Filter>
    </ClCompile>
    <ClCompile Include="Source.cpp">
      <Filter>Source Files</Filter>
    </ClCompile>
    <ClCompile Include="Drawable.cpp">
      <Filter>Source Files</Filter>
    </ClCompile>
    <ClCompile Include="FragmentShader.cpp">
      <Filter>Bindables</Filter>
    </ClCompile>
    <ClCompile Include="ShaderProgram.cpp">
      <Filter>Bindables</Filter>
    </ClCompile>
    <ClCompile Include="VertexShader.cpp">
      <Filter>Bindables</Filter>
    </ClCompile>
    <ClCompile Include="VAO.cpp">
      <Filter>Bindables</Filter>
    </ClCompile>
    <ClCompile Include="VBO.cpp">
      <Filter>Bindables</Filter>
    </ClCompile>
    <ClCompile Include="Timer.cpp">
      <Filter>Source Files</Filter>
    </ClCompile>
    <ClCompile Include="Mesh.cpp">
      <Filter>Source Files</Filter>
    </ClCompile>
    <ClCompile Include="Group.cpp">
      <Filter>Source Files</Filter>
    </ClCompile>
    <ClCompile Include="Camera.cpp">
      <Filter>Source Files</Filter>
    </ClCompile>
    <ClCompile Include="stb_image.cpp">
      <Filter>stb_image</Filter>
    </ClCompile>
    <ClCompile Include="Texture2D.cpp">
      <Filter>Bindables</Filter>
    </ClCompile>
    <ClCompile Include="Material.cpp">
      <Filter>Source Files</Filter>
    </ClCompile>
    <ClCompile Include="GameObject.cpp">
      <Filter>Source Files</Filter>
    </ClCompile>
    <ClCompile Include="UniformLocation.cpp">
      <Filter>Bindables</Filter>
    </ClCompile>
    <ClCompile Include="ShootingSystem.cpp">
      <Filter>Source Files</Filter>
    </ClCompile>
  </ItemGroup>
  <ItemGroup>
    <ClInclude Include="Window.h">
      <Filter>Header Files</Filter>
    </ClInclude>
    <ClInclude Include="App.h">
      <Filter>Header Files</Filter>
    </ClInclude>
    <ClInclude Include="Drawable.h">
      <Filter>Header Files</Filter>
    </ClInclude>
    <ClInclude Include="Bindable.h">
      <Filter>Header Files</Filter>
    </ClInclude>
    <ClInclude Include="VAO.h">
      <Filter>Bindables</Filter>
    </ClInclude>
    <ClInclude Include="VBO.h">
      <Filter>Bindables</Filter>
    </ClInclude>
    <ClInclude Include="VertexShader.h">
      <Filter>Bindables</Filter>
    </ClInclude>
    <ClInclude Include="FragmentShader.h">
      <Filter>Bindables</Filter>
    </ClInclude>
    <ClInclude Include="GameObject.h">
      <Filter>Header Files</Filter>
    </ClInclude>
    <ClInclude Include="ShaderProgram.h">
      <Filter>Bindables</Filter>
    </ClInclude>
    <ClInclude Include="ShaderLoader.h">
      <Filter>Utils</Filter>
    </ClInclude>
    <ClInclude Include="Timer.h">
      <Filter>Header Files</Filter>
    </ClInclude>
    <ClInclude Include="Mesh.h">
      <Filter>Header Files</Filter>
    </ClInclude>
    <ClInclude Include="BindableSet.h">
      <Filter>Header Files</Filter>
    </ClInclude>
    <ClInclude Include="Group.h">
      <Filter>Header Files</Filter>
    </ClInclude>
    <ClInclude Include="UniformLocation.h">
      <Filter>Bindables</Filter>
    </ClInclude>
    <ClInclude Include="Cube.h">
      <Filter>Utils</Filter>
    </ClInclude>
    <ClInclude Include="OBJ_Loader.h">
      <Filter>Utils</Filter>
    </ClInclude>
    <ClInclude Include="Camera.h">
      <Filter>Header Files</Filter>
    </ClInclude>
    <ClInclude Include="stb_image.h">
      <Filter>stb_image</Filter>
    </ClInclude>
    <ClInclude Include="Texture2D.h">
      <Filter>Bindables</Filter>
    </ClInclude>
    <ClInclude Include="Material.h">
      <Filter>Header Files</Filter>
    </ClInclude>
    <ClInclude Include="MTL_Loader.h">
      <Filter>Utils</Filter>
    </ClInclude>
    <ClInclude Include="SplitString.h">
      <Filter>Utils</Filter>
    </ClInclude>
    <ClInclude Include="Sphere.h">
      <Filter>Utils</Filter>
    </ClInclude>
    <ClInclude Include="ShootingSystem.h">
      <Filter>Header Files</Filter>
    </ClInclude>
    <ClInclude Include="Scene_Loader.h">
      <Filter>Utils</Filter>
    </ClInclude>
  </ItemGroup>
  <ItemGroup>
    <Text Include="SimpleFragmentShader.txt">
      <Filter>Shaders</Filter>
    </Text>
    <Text Include="SimpleVertexShader.txt">
      <Filter>Shaders</Filter>
    </Text>
    <Text Include="TextureFS.txt">
      <Filter>Shaders</Filter>
    </Text>
    <Text Include="TextureVS.txt">
      <Filter>Shaders</Filter>
    </Text>
    <Text Include="Scene.txt">
      <Filter>Scenes</Filter>
    </Text>
  </ItemGroup>
</Project>